{
    "name": "wrflib_example",
    "version": "1.0.0",
    "lockfileVersion": 1,
    "requires": true,
    "dependencies": {
        "wrflib": {
            "version": "0.0.3",
            "resolved": "https://registry.npmjs.org/wrflib/-/wrflib-0.0.3.tgz",
            "integrity": "sha512-72N43kVm8+TzsejCJCM4cTiR/DpGaxwzLUjA9KuXkfAPiR+0zHILS3/7EjVUmjspbVWhQ3ZigPq2P/1SkusXzg=="
        }
    }
}
